
Microsoft Visual Studio Solution File, Format Version 12.00
# Visual Studio 14
VisualStudioVersion = 14.0.25420.1
MinimumVisualStudioVersion = 10.0.40219.1
Project("{FAE04EC0-301F-11D3-BF4B-00C04F79EFBC}") = "RectTdd", "RectTdd\RectTdd.csproj", "{16A7A88B-3331-446B-9250-A71291873F95}"
EndProject
Project("{FAE04EC0-301F-11D3-BF4B-00C04F79EFBC}") = "RectTddTest", "RectangleTddTest\RectTddTest.csproj", "{8A38FCE9-7070-4D61-B50E-F7671FF74599}"
EndProject
Project("{FAE04EC0-301F-11D3-BF4B-00C04F79EFBC}") = "Rect", "Rect\Rect.csproj", "{6BF37BC8-749F-4904-80B6-30D0019F96A6}"
EndProject
Project("{FAE04EC0-301F-11D3-BF4B-00C04F79EFBC}") = "RectTest", "RectTest\RectTest.csproj", "{528E6838-BA15-4BB9-9633-7D095B8851EA}"
EndProject
Global
	GlobalSection(SolutionConfigurationPlatforms) = preSolution
		Debug|Any CPU = Debug|Any CPU
		Release|Any CPU = Release|Any CPU
	EndGlobalSection
	GlobalSection(ProjectConfigurationPlatforms) = postSolution
		{16A7A88B-3331-446B-9250-A71291873F95}.Debug|Any CPU.ActiveCfg = Debug|Any CPU
		{16A7A88B-3331-446B-9250-A71291873F95}.Debug|Any CPU.Build.0 = Debug|Any CPU
		{16A7A88B-3331-446B-9250-A71291873F95}.Release|Any CPU.ActiveCfg = Release|Any CPU
		{16A7A88B-3331-446B-9250-A71291873F95}.Release|Any CPU.Build.0 = Release|Any CPU
		{8A38FCE9-7070-4D61-B50E-F7671FF74599}.Debug|Any CPU.ActiveCfg = Debug|Any CPU
		{8A38FCE9-7070-4D61-B50E-F7671FF74599}.Debug|Any CPU.Build.0 = Debug|Any CPU
		{8A38FCE9-7070-4D61-B50E-F7671FF74599}.Release|Any CPU.ActiveCfg = Release|Any CPU
		{8A38FCE9-7070-4D61-B50E-F7671FF74599}.Release|Any CPU.Build.0 = Release|Any CPU
		{6BF37BC8-749F-4904-80B6-30D0019F96A6}.Debug|Any CPU.ActiveCfg = Debug|Any CPU
		{6BF37BC8-749F-4904-80B6-30D0019F96A6}.Debug|Any CPU.Build.0 = Debug|Any CPU
		{6BF37BC8-749F-4904-80B6-30D0019F96A6}.Release|Any CPU.ActiveCfg = Release|Any CPU
		{6BF37BC8-749F-4904-80B6-30D0019F96A6}.Release|Any CPU.Build.0 = Release|Any CPU
		{528E6838-BA15-4BB9-9633-7D095B8851EA}.Debug|Any CPU.ActiveCfg = Debug|Any CPU
		{528E6838-BA15-4BB9-9633-7D095B8851EA}.Debug|Any CPU.Build.0 = Debug|Any CPU
		{528E6838-BA15-4BB9-9633-7D095B8851EA}.Release|Any CPU.ActiveCfg = Release|Any CPU
		{528E6838-BA15-4BB9-9633-7D095B8851EA}.Release|Any CPU.Build.0 = Release|Any CPU
	EndGlobalSection
	GlobalSection(SolutionProperties) = preSolution
		HideSolutionNode = FALSE
	EndGlobalSection
EndGlobal
