
Microsoft Visual Studio Solution File, Format Version 12.00
# Visual Studio 14
VisualStudioVersion = 14.0.25420.1
MinimumVisualStudioVersion = 10.0.40219.1
Project("{FAE04EC0-301F-11D3-BF4B-00C04F79EFBC}") = "intRangeTesting", "intRangeTesting\intRangeTesting.csproj", "{320CCD2E-A68E-49E9-9F92-18207B1577C8}"
EndProject
Project("{FAE04EC0-301F-11D3-BF4B-00C04F79EFBC}") = "intRange", "intRange\intRange.csproj", "{F8481623-4C62-4C82-BF57-9D6E6FBA0520}"
EndProject
Global
	GlobalSection(SolutionConfigurationPlatforms) = preSolution
		Debug|Any CPU = Debug|Any CPU
		Release|Any CPU = Release|Any CPU
	EndGlobalSection
	GlobalSection(ProjectConfigurationPlatforms) = postSolution
		{320CCD2E-A68E-49E9-9F92-18207B1577C8}.Debug|Any CPU.ActiveCfg = Debug|Any CPU
		{320CCD2E-A68E-49E9-9F92-18207B1577C8}.Debug|Any CPU.Build.0 = Debug|Any CPU
		{320CCD2E-A68E-49E9-9F92-18207B1577C8}.Release|Any CPU.ActiveCfg = Release|Any CPU
		{320CCD2E-A68E-49E9-9F92-18207B1577C8}.Release|Any CPU.Build.0 = Release|Any CPU
		{F8481623-4C62-4C82-BF57-9D6E6FBA0520}.Debug|Any CPU.ActiveCfg = Debug|Any CPU
		{F8481623-4C62-4C82-BF57-9D6E6FBA0520}.Debug|Any CPU.Build.0 = Debug|Any CPU
		{F8481623-4C62-4C82-BF57-9D6E6FBA0520}.Release|Any CPU.ActiveCfg = Release|Any CPU
		{F8481623-4C62-4C82-BF57-9D6E6FBA0520}.Release|Any CPU.Build.0 = Release|Any CPU
	EndGlobalSection
	GlobalSection(SolutionProperties) = preSolution
		HideSolutionNode = FALSE
	EndGlobalSection
EndGlobal
