
Microsoft Visual Studio Solution File, Format Version 12.00
# Visual Studio 14
VisualStudioVersion = 14.0.24720.0
MinimumVisualStudioVersion = 10.0.40219.1
Project("{FAE04EC0-301F-11D3-BF4B-00C04F79EFBC}") = "Range", "Range\Range.csproj", "{D6F7204A-BE83-4906-B7A5-636514A516C3}"
EndProject
Project("{FAE04EC0-301F-11D3-BF4B-00C04F79EFBC}") = "IntRangeUnitTests", "IntRangeUnitTests\IntRangeUnitTests.csproj", "{32C66A88-5E09-42B0-8216-18BBC6AA499C}"
EndProject
Project("{FAE04EC0-301F-11D3-BF4B-00C04F79EFBC}") = "IntRangeTddTests", "IntRangeTddTests\IntRangeTddTests.csproj", "{3963D9E3-7F9F-4BBE-A57B-E4A4FB022B38}"
	ProjectSection(ProjectDependencies) = postProject
		{23A84D6D-D94D-4FFE-8974-8D8691984E24} = {23A84D6D-D94D-4FFE-8974-8D8691984E24}
	EndProjectSection
EndProject
Project("{FAE04EC0-301F-11D3-BF4B-00C04F79EFBC}") = "IntRangeTdd", "IntRangeTdd\IntRangeTdd.csproj", "{23A84D6D-D94D-4FFE-8974-8D8691984E24}"
EndProject
Global
	GlobalSection(SolutionConfigurationPlatforms) = preSolution
		Debug|Any CPU = Debug|Any CPU
		Release|Any CPU = Release|Any CPU
	EndGlobalSection
	GlobalSection(ProjectConfigurationPlatforms) = postSolution
		{D6F7204A-BE83-4906-B7A5-636514A516C3}.Debug|Any CPU.ActiveCfg = Debug|Any CPU
		{D6F7204A-BE83-4906-B7A5-636514A516C3}.Debug|Any CPU.Build.0 = Debug|Any CPU
		{D6F7204A-BE83-4906-B7A5-636514A516C3}.Release|Any CPU.ActiveCfg = Release|Any CPU
		{D6F7204A-BE83-4906-B7A5-636514A516C3}.Release|Any CPU.Build.0 = Release|Any CPU
		{32C66A88-5E09-42B0-8216-18BBC6AA499C}.Debug|Any CPU.ActiveCfg = Debug|Any CPU
		{32C66A88-5E09-42B0-8216-18BBC6AA499C}.Debug|Any CPU.Build.0 = Debug|Any CPU
		{32C66A88-5E09-42B0-8216-18BBC6AA499C}.Release|Any CPU.ActiveCfg = Release|Any CPU
		{32C66A88-5E09-42B0-8216-18BBC6AA499C}.Release|Any CPU.Build.0 = Release|Any CPU
		{3963D9E3-7F9F-4BBE-A57B-E4A4FB022B38}.Debug|Any CPU.ActiveCfg = Debug|Any CPU
		{3963D9E3-7F9F-4BBE-A57B-E4A4FB022B38}.Debug|Any CPU.Build.0 = Debug|Any CPU
		{3963D9E3-7F9F-4BBE-A57B-E4A4FB022B38}.Release|Any CPU.ActiveCfg = Release|Any CPU
		{3963D9E3-7F9F-4BBE-A57B-E4A4FB022B38}.Release|Any CPU.Build.0 = Release|Any CPU
		{23A84D6D-D94D-4FFE-8974-8D8691984E24}.Debug|Any CPU.ActiveCfg = Debug|Any CPU
		{23A84D6D-D94D-4FFE-8974-8D8691984E24}.Debug|Any CPU.Build.0 = Debug|Any CPU
		{23A84D6D-D94D-4FFE-8974-8D8691984E24}.Release|Any CPU.ActiveCfg = Release|Any CPU
		{23A84D6D-D94D-4FFE-8974-8D8691984E24}.Release|Any CPU.Build.0 = Release|Any CPU
	EndGlobalSection
	GlobalSection(SolutionProperties) = preSolution
		HideSolutionNode = FALSE
	EndGlobalSection
EndGlobal
